
Microsoft Visual Studio Solution File, Format Version 12.00
# Visual Studio Version 17
VisualStudioVersion = 17.11.35312.102
MinimumVisualStudioVersion = 10.0.40219.1
Project("{FAE04EC0-301F-11D3-BF4B-00C04F79EFBC}") = "KursApp", "KursApp\KursApp.csproj", "{4CCDFE9A-3FE7-4473-AF0B-0004008AFB7E}"
EndProject
Global
	GlobalSection(SolutionConfigurationPlatforms) = preSolution
		Debug|Any CPU = Debug|Any CPU
		Release|Any CPU = Release|Any CPU
	EndGlobalSection
	GlobalSection(ProjectConfigurationPlatforms) = postSolution
		{4CCDFE9A-3FE7-4473-AF0B-0004008AFB7E}.Debug|Any CPU.ActiveCfg = Debug|Any CPU
		{4CCDFE9A-3FE7-4473-AF0B-0004008AFB7E}.Debug|Any CPU.Build.0 = Debug|Any CPU
		{4CCDFE9A-3FE7-4473-AF0B-0004008AFB7E}.Release|Any CPU.ActiveCfg = Release|Any CPU
		{4CCDFE9A-3FE7-4473-AF0B-0004008AFB7E}.Release|Any CPU.Build.0 = Release|Any CPU
	EndGlobalSection
	GlobalSection(SolutionProperties) = preSolution
		HideSolutionNode = FALSE
	EndGlobalSection
	GlobalSection(ExtensibilityGlobals) = postSolution
		SolutionGuid = {2BF78452-85D8-45EB-ABBF-4FDC1C891ADE}
	EndGlobalSection
EndGlobal
